
Microsoft Visual Studio Solution File, Format Version 12.00
# Visual Studio Version 17
VisualStudioVersion = 17.4.33213.308
MinimumVisualStudioVersion = 10.0.40219.1
Project("{FAE04EC0-301F-11D3-BF4B-00C04F79EFBC}") = "ShopProject", "ShopProject.csproj", "{BB95FD58-FB9B-4058-BDDB-FB6800931F4D}"
EndProject
Global
	GlobalSection(SolutionConfigurationPlatforms) = preSolution
		Debug|Any CPU = Debug|Any CPU
		Release|Any CPU = Release|Any CPU
	EndGlobalSection
	GlobalSection(ProjectConfigurationPlatforms) = postSolution
		{BB95FD58-FB9B-4058-BDDB-FB6800931F4D}.Debug|Any CPU.ActiveCfg = Debug|Any CPU
		{BB95FD58-FB9B-4058-BDDB-FB6800931F4D}.Debug|Any CPU.Build.0 = Debug|Any CPU
		{BB95FD58-FB9B-4058-BDDB-FB6800931F4D}.Release|Any CPU.ActiveCfg = Release|Any CPU
		{BB95FD58-FB9B-4058-BDDB-FB6800931F4D}.Release|Any CPU.Build.0 = Release|Any CPU
	EndGlobalSection
	GlobalSection(SolutionProperties) = preSolution
		HideSolutionNode = FALSE
	EndGlobalSection
	GlobalSection(ExtensibilityGlobals) = postSolution
		SolutionGuid = {6CAE3525-AC2C-4E95-B496-A2E3D6E16A21}
	EndGlobalSection
EndGlobal
